
Microsoft Visual Studio Solution File, Format Version 12.00
# Visual Studio Version 16
VisualStudioVersion = 16.0.28803.352
MinimumVisualStudioVersion = 10.0.40219.1
Project("{FAE04EC0-301F-11D3-BF4B-00C04F79EFBC}") = "WindowsFormsApp11", "WindowsFormsApp11\WindowsFormsApp11.csproj", "{C7D4E870-C4A7-48E5-8475-180D47E912F6}"
EndProject
Global
	GlobalSection(SolutionConfigurationPlatforms) = preSolution
		Debug|Any CPU = Debug|Any CPU
		Release|Any CPU = Release|Any CPU
	EndGlobalSection
	GlobalSection(ProjectConfigurationPlatforms) = postSolution
		{C7D4E870-C4A7-48E5-8475-180D47E912F6}.Debug|Any CPU.ActiveCfg = Debug|Any CPU
		{C7D4E870-C4A7-48E5-8475-180D47E912F6}.Debug|Any CPU.Build.0 = Debug|Any CPU
		{C7D4E870-C4A7-48E5-8475-180D47E912F6}.Release|Any CPU.ActiveCfg = Release|Any CPU
		{C7D4E870-C4A7-48E5-8475-180D47E912F6}.Release|Any CPU.Build.0 = Release|Any CPU
	EndGlobalSection
	GlobalSection(SolutionProperties) = preSolution
		HideSolutionNode = FALSE
	EndGlobalSection
	GlobalSection(ExtensibilityGlobals) = postSolution
		SolutionGuid = {78FC9A61-C5AF-4464-BBD6-F63926827FE4}
	EndGlobalSection
EndGlobal
